{
    "name": "testapp",
    "version": "1.0.0",
    "lockfileVersion": 2,
    "requires": true,
    "description": "testapp",
    "main": "bundle.js",
    "type": "module",
    "packages": {
        "": {
            "name": "testapp",
            "version": "1.0.0",
            "devDependencies": {
                "rollup": "^2.58.0"
            }
        },
        "node_modules/fsevents": {
            "version": "2.3.2",
            "resolved": "https://repo.tick42.com:443/api/npm/tick42-npm/fsevents/-/fsevents-2.3.2.tgz",
            "integrity": "sha1-ilJveLj99GI7cJ4Ll1xSwkwC/Ro=",
            "dev": true,
            "hasInstallScript": true,
            "license": "MIT",
            "optional": true,
            "os": [
                "darwin"
            ],
            "engines": {
                "node": "^8.16.0 || ^10.6.0 || >=11.0.0"
            }
        },
        "node_modules/rollup": {
            "version": "2.58.0",
            "resolved": "https://repo.tick42.com:443/api/npm/tick42-npm/rollup/-/rollup-2.58.0.tgz",
            "integrity": "sha1-pkOYM2Xnv39bfGKoMxuYO3xMZ/s=",
            "dev": true,
            "license": "MIT",
            "bin": {
                "rollup": "dist/bin/rollup"
            },
            "engines": {
                "node": ">=10.0.0"
            },
            "optionalDependencies": {
                "fsevents": "~2.3.2"
            }
        }
    },
    "dependencies": {
        "fsevents": {
            "version": "2.3.2",
            "resolved": "https://repo.tick42.com:443/api/npm/tick42-npm/fsevents/-/fsevents-2.3.2.tgz",
            "integrity": "sha1-ilJveLj99GI7cJ4Ll1xSwkwC/Ro=",
            "dev": true,
            "optional": true
        },
        "rollup": {
            "version": "2.58.0",
            "resolved": "https://repo.tick42.com:443/api/npm/tick42-npm/rollup/-/rollup-2.58.0.tgz",
            "integrity": "sha1-pkOYM2Xnv39bfGKoMxuYO3xMZ/s=",
            "dev": true,
            "requires": {
                "fsevents": "~2.3.2"
            }
        }
    },
    "devDependencies": {
        "rollup": "^2.58.0"
    },
    "scripts": {
        "build": "tsc -p ./src/tsconfig.json && rollup --config rollup.config.js",
        "start": "http-server -p 4445"
    }
}
